
Microsoft Visual Studio Solution File, Format Version 12.00
# Visual Studio Version 16
VisualStudioVersion = 16.0.31911.196
MinimumVisualStudioVersion = 10.0.40219.1
Project("{FAE04EC0-301F-11D3-BF4B-00C04F79EFBC}") = "HelloWorld", "HelloWorld\HelloWorld.csproj", "{E9D75FC5-A62E-4579-AF1E-965CD2337238}"
EndProject
Global
	GlobalSection(SolutionConfigurationPlatforms) = preSolution
		Debug|Any CPU = Debug|Any CPU
		Release|Any CPU = Release|Any CPU
	EndGlobalSection
	GlobalSection(ProjectConfigurationPlatforms) = postSolution
		{E9D75FC5-A62E-4579-AF1E-965CD2337238}.Debug|Any CPU.ActiveCfg = Debug|Any CPU
		{E9D75FC5-A62E-4579-AF1E-965CD2337238}.Debug|Any CPU.Build.0 = Debug|Any CPU
		{E9D75FC5-A62E-4579-AF1E-965CD2337238}.Release|Any CPU.ActiveCfg = Release|Any CPU
		{E9D75FC5-A62E-4579-AF1E-965CD2337238}.Release|Any CPU.Build.0 = Release|Any CPU
	EndGlobalSection
	GlobalSection(SolutionProperties) = preSolution
		HideSolutionNode = FALSE
	EndGlobalSection
	GlobalSection(ExtensibilityGlobals) = postSolution
		SolutionGuid = {4F8FF644-1CA0-45F5-A2D2-4E0794022EAE}
	EndGlobalSection
EndGlobal
